
Microsoft Visual Studio Solution File, Format Version 12.00
# Visual Studio 2013
VisualStudioVersion = 12.0.31101.0
MinimumVisualStudioVersion = 10.0.40219.1
Project("{FAE04EC0-301F-11D3-BF4B-00C04F79EFBC}") = "ClownFish", "ClownFish.csproj", "{A56C80D6-34DE-4ED5-8B2B-3FBC04C747EA}"
EndProject
Project("{FAE04EC0-301F-11D3-BF4B-00C04F79EFBC}") = "GameServer", "..\GameServer\GameServer.csproj", "{A673F884-07BF-4053-8F7F-32361975F9B5}"
EndProject
Project("{FAE04EC0-301F-11D3-BF4B-00C04F79EFBC}") = "GameServerInterfaces", "GameServerInterfaces\GameServerInterfaces.csproj", "{7653CB4E-21DA-4C8E-92E6-6735A9646B8C}"
EndProject
Global
	GlobalSection(SolutionConfigurationPlatforms) = preSolution
		Debug|Any CPU = Debug|Any CPU
		Release|Any CPU = Release|Any CPU
	EndGlobalSection
	GlobalSection(ProjectConfigurationPlatforms) = postSolution
		{A56C80D6-34DE-4ED5-8B2B-3FBC04C747EA}.Debug|Any CPU.ActiveCfg = Debug|Any CPU
		{A56C80D6-34DE-4ED5-8B2B-3FBC04C747EA}.Debug|Any CPU.Build.0 = Debug|Any CPU
		{A56C80D6-34DE-4ED5-8B2B-3FBC04C747EA}.Release|Any CPU.ActiveCfg = Release|Any CPU
		{A56C80D6-34DE-4ED5-8B2B-3FBC04C747EA}.Release|Any CPU.Build.0 = Release|Any CPU
		{A673F884-07BF-4053-8F7F-32361975F9B5}.Debug|Any CPU.ActiveCfg = Debug|Any CPU
		{A673F884-07BF-4053-8F7F-32361975F9B5}.Debug|Any CPU.Build.0 = Debug|Any CPU
		{A673F884-07BF-4053-8F7F-32361975F9B5}.Release|Any CPU.ActiveCfg = Release|Any CPU
		{A673F884-07BF-4053-8F7F-32361975F9B5}.Release|Any CPU.Build.0 = Release|Any CPU
		{7653CB4E-21DA-4C8E-92E6-6735A9646B8C}.Debug|Any CPU.ActiveCfg = Debug|Any CPU
		{7653CB4E-21DA-4C8E-92E6-6735A9646B8C}.Debug|Any CPU.Build.0 = Debug|Any CPU
		{7653CB4E-21DA-4C8E-92E6-6735A9646B8C}.Release|Any CPU.ActiveCfg = Release|Any CPU
		{7653CB4E-21DA-4C8E-92E6-6735A9646B8C}.Release|Any CPU.Build.0 = Release|Any CPU
	EndGlobalSection
	GlobalSection(SolutionProperties) = preSolution
		HideSolutionNode = FALSE
	EndGlobalSection
EndGlobal
